
Microsoft Visual Studio Solution File, Format Version 12.00
# Visual Studio 15
VisualStudioVersion = 15.0.28010.2041
MinimumVisualStudioVersion = 10.0.40219.1
Project("{9A19103F-16F7-4668-BE54-9A1E7A4F7556}") = "Kafka.Consumer", "Kafka.Consumer\Kafka.Consumer.csproj", "{D06C9F18-1B94-46E6-AF1E-CBC4B6490587}"
EndProject
Project("{9A19103F-16F7-4668-BE54-9A1E7A4F7556}") = "Kafka.Message", "Kafka.Message\Kafka.Message.csproj", "{C510CDDE-A34F-4A0D-B4A0-89CF6D250CF2}"
EndProject
Project("{9A19103F-16F7-4668-BE54-9A1E7A4F7556}") = "Kafka.Producer", "Kafka.Producer\Kafka.Producer.csproj", "{ADAE5DD0-1694-4587-B0FF-E6E4CFA5E1D6}"
EndProject
Project("{2150E333-8FDC-42A3-9474-1A3956D46DE8}") = "src", "src", "{7EDCD608-6BCB-4EB7-A49B-D9FCAFCB802B}"
EndProject
Project("{2150E333-8FDC-42A3-9474-1A3956D46DE8}") = "Base", "Base", "{0943D186-B654-436F-928D-3C59C051F7EA}"
EndProject
Project("{FAE04EC0-301F-11D3-BF4B-00C04F79EFBC}") = "Base.Kafka", "Base.Kafka\Base.Kafka.csproj", "{C920C8A0-01A0-41FF-A689-5BC77BB9E291}"
EndProject
Project("{FAE04EC0-301F-11D3-BF4B-00C04F79EFBC}") = "Base.RabbitMQ", "Base.RabbitMQ\Base.RabbitMQ.csproj", "{E96596A6-22E2-4F93-A385-7411715DEA30}"
EndProject
Project("{FAE04EC0-301F-11D3-BF4B-00C04F79EFBC}") = "Base.EventBus", "Base.EventBus\Base.EventBus.csproj", "{907196EF-6094-44B7-B50A-9AA740E915D9}"
EndProject
Project("{FAE04EC0-301F-11D3-BF4B-00C04F79EFBC}") = "Base.EventBus.Kafka", "Base.EventBus.Kafka\Base.EventBus.Kafka.csproj", "{13624C5F-CD21-4B20-A5C5-0D5C257D2E6B}"
EndProject
Project("{FAE04EC0-301F-11D3-BF4B-00C04F79EFBC}") = "Base.EventBus.RabbitMQ", "Base.EventBus.RabbitMQ\Base.EventBus.RabbitMQ.csproj", "{3E7B718C-6E92-43E4-B6C1-898011721EB3}"
EndProject
Project("{2150E333-8FDC-42A3-9474-1A3956D46DE8}") = "Services", "Services", "{72EA5373-07DA-4764-AD5F-73D83A4788AB}"
EndProject
Project("{FAE04EC0-301F-11D3-BF4B-00C04F79EFBC}") = "NotificationProducer", "NotificationProducer\NotificationProducer.csproj", "{5B8ACEAA-53C6-4AA9-9A10-C9A9F18ABC1B}"
EndProject
Project("{FAE04EC0-301F-11D3-BF4B-00C04F79EFBC}") = "LogConsumer", "LogConsumer\LogConsumer.csproj", "{12C37FC3-3D7B-4218-8F2D-48972004BE0E}"
EndProject
Project("{FAE04EC0-301F-11D3-BF4B-00C04F79EFBC}") = "OrderAPI", "OrderAPI\OrderAPI.csproj", "{77FBAAB1-9BD5-4624-986D-65CB27F7A4EC}"
EndProject
Project("{FAE04EC0-301F-11D3-BF4B-00C04F79EFBC}") = "ShipmentAPI", "ShipmentAPI\ShipmentAPI.csproj", "{EF034E30-1BE7-4A56-A32E-1ECDEA4BC6AF}"
EndProject
Global
	GlobalSection(SolutionConfigurationPlatforms) = preSolution
		Debug|Any CPU = Debug|Any CPU
		Release|Any CPU = Release|Any CPU
	EndGlobalSection
	GlobalSection(ProjectConfigurationPlatforms) = postSolution
		{D06C9F18-1B94-46E6-AF1E-CBC4B6490587}.Debug|Any CPU.ActiveCfg = Debug|Any CPU
		{D06C9F18-1B94-46E6-AF1E-CBC4B6490587}.Debug|Any CPU.Build.0 = Debug|Any CPU
		{D06C9F18-1B94-46E6-AF1E-CBC4B6490587}.Release|Any CPU.ActiveCfg = Release|Any CPU
		{D06C9F18-1B94-46E6-AF1E-CBC4B6490587}.Release|Any CPU.Build.0 = Release|Any CPU
		{C510CDDE-A34F-4A0D-B4A0-89CF6D250CF2}.Debug|Any CPU.ActiveCfg = Debug|Any CPU
		{C510CDDE-A34F-4A0D-B4A0-89CF6D250CF2}.Debug|Any CPU.Build.0 = Debug|Any CPU
		{C510CDDE-A34F-4A0D-B4A0-89CF6D250CF2}.Release|Any CPU.ActiveCfg = Release|Any CPU
		{C510CDDE-A34F-4A0D-B4A0-89CF6D250CF2}.Release|Any CPU.Build.0 = Release|Any CPU
		{ADAE5DD0-1694-4587-B0FF-E6E4CFA5E1D6}.Debug|Any CPU.ActiveCfg = Debug|Any CPU
		{ADAE5DD0-1694-4587-B0FF-E6E4CFA5E1D6}.Debug|Any CPU.Build.0 = Debug|Any CPU
		{ADAE5DD0-1694-4587-B0FF-E6E4CFA5E1D6}.Release|Any CPU.ActiveCfg = Release|Any CPU
		{ADAE5DD0-1694-4587-B0FF-E6E4CFA5E1D6}.Release|Any CPU.Build.0 = Release|Any CPU
		{C920C8A0-01A0-41FF-A689-5BC77BB9E291}.Debug|Any CPU.ActiveCfg = Debug|Any CPU
		{C920C8A0-01A0-41FF-A689-5BC77BB9E291}.Debug|Any CPU.Build.0 = Debug|Any CPU
		{C920C8A0-01A0-41FF-A689-5BC77BB9E291}.Release|Any CPU.ActiveCfg = Release|Any CPU
		{C920C8A0-01A0-41FF-A689-5BC77BB9E291}.Release|Any CPU.Build.0 = Release|Any CPU
		{E96596A6-22E2-4F93-A385-7411715DEA30}.Debug|Any CPU.ActiveCfg = Debug|Any CPU
		{E96596A6-22E2-4F93-A385-7411715DEA30}.Debug|Any CPU.Build.0 = Debug|Any CPU
		{E96596A6-22E2-4F93-A385-7411715DEA30}.Release|Any CPU.ActiveCfg = Release|Any CPU
		{E96596A6-22E2-4F93-A385-7411715DEA30}.Release|Any CPU.Build.0 = Release|Any CPU
		{907196EF-6094-44B7-B50A-9AA740E915D9}.Debug|Any CPU.ActiveCfg = Debug|Any CPU
		{907196EF-6094-44B7-B50A-9AA740E915D9}.Debug|Any CPU.Build.0 = Debug|Any CPU
		{907196EF-6094-44B7-B50A-9AA740E915D9}.Release|Any CPU.ActiveCfg = Release|Any CPU
		{907196EF-6094-44B7-B50A-9AA740E915D9}.Release|Any CPU.Build.0 = Release|Any CPU
		{13624C5F-CD21-4B20-A5C5-0D5C257D2E6B}.Debug|Any CPU.ActiveCfg = Debug|Any CPU
		{13624C5F-CD21-4B20-A5C5-0D5C257D2E6B}.Debug|Any CPU.Build.0 = Debug|Any CPU
		{13624C5F-CD21-4B20-A5C5-0D5C257D2E6B}.Release|Any CPU.ActiveCfg = Release|Any CPU
		{13624C5F-CD21-4B20-A5C5-0D5C257D2E6B}.Release|Any CPU.Build.0 = Release|Any CPU
		{3E7B718C-6E92-43E4-B6C1-898011721EB3}.Debug|Any CPU.ActiveCfg = Debug|Any CPU
		{3E7B718C-6E92-43E4-B6C1-898011721EB3}.Debug|Any CPU.Build.0 = Debug|Any CPU
		{3E7B718C-6E92-43E4-B6C1-898011721EB3}.Release|Any CPU.ActiveCfg = Release|Any CPU
		{3E7B718C-6E92-43E4-B6C1-898011721EB3}.Release|Any CPU.Build.0 = Release|Any CPU
		{5B8ACEAA-53C6-4AA9-9A10-C9A9F18ABC1B}.Debug|Any CPU.ActiveCfg = Debug|Any CPU
		{5B8ACEAA-53C6-4AA9-9A10-C9A9F18ABC1B}.Debug|Any CPU.Build.0 = Debug|Any CPU
		{5B8ACEAA-53C6-4AA9-9A10-C9A9F18ABC1B}.Release|Any CPU.ActiveCfg = Release|Any CPU
		{5B8ACEAA-53C6-4AA9-9A10-C9A9F18ABC1B}.Release|Any CPU.Build.0 = Release|Any CPU
		{12C37FC3-3D7B-4218-8F2D-48972004BE0E}.Debug|Any CPU.ActiveCfg = Debug|Any CPU
		{12C37FC3-3D7B-4218-8F2D-48972004BE0E}.Debug|Any CPU.Build.0 = Debug|Any CPU
		{12C37FC3-3D7B-4218-8F2D-48972004BE0E}.Release|Any CPU.ActiveCfg = Release|Any CPU
		{12C37FC3-3D7B-4218-8F2D-48972004BE0E}.Release|Any CPU.Build.0 = Release|Any CPU
		{77FBAAB1-9BD5-4624-986D-65CB27F7A4EC}.Debug|Any CPU.ActiveCfg = Debug|Any CPU
		{77FBAAB1-9BD5-4624-986D-65CB27F7A4EC}.Debug|Any CPU.Build.0 = Debug|Any CPU
		{77FBAAB1-9BD5-4624-986D-65CB27F7A4EC}.Release|Any CPU.ActiveCfg = Release|Any CPU
		{77FBAAB1-9BD5-4624-986D-65CB27F7A4EC}.Release|Any CPU.Build.0 = Release|Any CPU
		{EF034E30-1BE7-4A56-A32E-1ECDEA4BC6AF}.Debug|Any CPU.ActiveCfg = Debug|Any CPU
		{EF034E30-1BE7-4A56-A32E-1ECDEA4BC6AF}.Debug|Any CPU.Build.0 = Debug|Any CPU
		{EF034E30-1BE7-4A56-A32E-1ECDEA4BC6AF}.Release|Any CPU.ActiveCfg = Release|Any CPU
		{EF034E30-1BE7-4A56-A32E-1ECDEA4BC6AF}.Release|Any CPU.Build.0 = Release|Any CPU
	EndGlobalSection
	GlobalSection(SolutionProperties) = preSolution
		HideSolutionNode = FALSE
	EndGlobalSection
	GlobalSection(NestedProjects) = preSolution
		{D06C9F18-1B94-46E6-AF1E-CBC4B6490587} = {7EDCD608-6BCB-4EB7-A49B-D9FCAFCB802B}
		{C510CDDE-A34F-4A0D-B4A0-89CF6D250CF2} = {7EDCD608-6BCB-4EB7-A49B-D9FCAFCB802B}
		{ADAE5DD0-1694-4587-B0FF-E6E4CFA5E1D6} = {7EDCD608-6BCB-4EB7-A49B-D9FCAFCB802B}
		{C920C8A0-01A0-41FF-A689-5BC77BB9E291} = {0943D186-B654-436F-928D-3C59C051F7EA}
		{E96596A6-22E2-4F93-A385-7411715DEA30} = {0943D186-B654-436F-928D-3C59C051F7EA}
		{907196EF-6094-44B7-B50A-9AA740E915D9} = {0943D186-B654-436F-928D-3C59C051F7EA}
		{13624C5F-CD21-4B20-A5C5-0D5C257D2E6B} = {0943D186-B654-436F-928D-3C59C051F7EA}
		{3E7B718C-6E92-43E4-B6C1-898011721EB3} = {0943D186-B654-436F-928D-3C59C051F7EA}
		{5B8ACEAA-53C6-4AA9-9A10-C9A9F18ABC1B} = {72EA5373-07DA-4764-AD5F-73D83A4788AB}
		{12C37FC3-3D7B-4218-8F2D-48972004BE0E} = {72EA5373-07DA-4764-AD5F-73D83A4788AB}
		{77FBAAB1-9BD5-4624-986D-65CB27F7A4EC} = {72EA5373-07DA-4764-AD5F-73D83A4788AB}
		{EF034E30-1BE7-4A56-A32E-1ECDEA4BC6AF} = {72EA5373-07DA-4764-AD5F-73D83A4788AB}
	EndGlobalSection
	GlobalSection(ExtensibilityGlobals) = postSolution
		SolutionGuid = {C703DC80-0D51-435C-A25A-ED489A0A20CF}
	EndGlobalSection
EndGlobal
