
Microsoft Visual Studio Solution File, Format Version 12.00
# Visual Studio 15
VisualStudioVersion = 15.0.28010.2041
MinimumVisualStudioVersion = 10.0.40219.1
Project("{2150E333-8FDC-42A3-9474-1A3956D46DE8}") = "services", "services", "{72EA5373-07DA-4764-AD5F-73D83A4788AB}"
EndProject
Project("{2150E333-8FDC-42A3-9474-1A3956D46DE8}") = "general-message-broker", "general-message-broker", "{766872AD-B2B0-4859-8B29-A9ADD8FA8491}"
EndProject
Project("{FAE04EC0-301F-11D3-BF4B-00C04F79EFBC}") = "GeneralTestApi", "general\GeneralTestApi\GeneralTestApi.csproj", "{1F387A9D-23D6-4052-9701-4870669179A7}"
EndProject
Project("{FAE04EC0-301F-11D3-BF4B-00C04F79EFBC}") = "Simple", "general\Simple\Simple.csproj", "{139C06EF-1C40-419E-BDA8-1BBF1E211C48}"
EndProject
Project("{FAE04EC0-301F-11D3-BF4B-00C04F79EFBC}") = "ErrorHandlerService", "general\ErrorHandlerService\ErrorHandlerService.csproj", "{29F6985F-00D5-4DA9-A774-C4345E52D7D6}"
EndProject
Project("{FAE04EC0-301F-11D3-BF4B-00C04F79EFBC}") = "GeneralLibrary", "general\GeneralLibrary\GeneralLibrary.csproj", "{D71FDE5C-2B8A-4E37-87BD-FF0019B037C4}"
EndProject
Project("{2150E333-8FDC-42A3-9474-1A3956D46DE8}") = "thread-safe-background-worker", "thread-safe-background-worker", "{4623D2AC-DCA2-43F9-801E-D3F0479B2628}"
EndProject
Project("{FAE04EC0-301F-11D3-BF4B-00C04F79EFBC}") = "Multithread.Api", "multithread\Multithread.Api\Multithread.Api.csproj", "{94756D61-8C77-49DA-9974-70B841F30079}"
EndProject
Project("{FAE04EC0-301F-11D3-BF4B-00C04F79EFBC}") = "Multithread.Api.EntityFrameworkCore", "multithread\Multithread.Api.EntityFrameworkCore\Multithread.Api.EntityFrameworkCore.csproj", "{607BE936-A8C5-4506-A8F1-800C2D2199ED}"
EndProject
Project("{FAE04EC0-301F-11D3-BF4B-00C04F79EFBC}") = "Multithread.Api.MongoDb", "multithread\Multithread.Api.MongoDb\Multithread.Api.MongoDb.csproj", "{D4C7011F-7BDE-4A65-B39F-CFB06FA887B1}"
EndProject
Project("{FAE04EC0-301F-11D3-BF4B-00C04F79EFBC}") = "Multithread.Api.Domain", "multithread\Multithread.Api.Domain\Multithread.Api.Domain.csproj", "{CD412330-F483-48B7-BFFC-0BDF55FFB301}"
EndProject
Project("{FAE04EC0-301F-11D3-BF4B-00C04F79EFBC}") = "ThreadSafe.Api", "multithread\ThreadSafe.Api\ThreadSafe.Api.csproj", "{D2A25117-EF40-4E8A-9DE2-95D9A1F2FC1C}"
EndProject
Project("{FAE04EC0-301F-11D3-BF4B-00C04F79EFBC}") = "Hosting", "services\Hosting\Hosting.csproj", "{25F68ABF-2C4A-4A6C-BE3A-A86C8C910715}"
EndProject
Project("{FAE04EC0-301F-11D3-BF4B-00C04F79EFBC}") = "LogConsumer", "services\LogConsumer\LogConsumer.csproj", "{F58A4517-FEA2-4E11-992A-0A019D69AD4E}"
EndProject
Project("{FAE04EC0-301F-11D3-BF4B-00C04F79EFBC}") = "OrderAPI", "services\OrderAPI\OrderAPI.csproj", "{800629CC-0EDA-418A-8F46-C1BADA59BCC2}"
EndProject
Project("{FAE04EC0-301F-11D3-BF4B-00C04F79EFBC}") = "SampleProducer", "services\SampleProducer\SampleProducer.csproj", "{6E34EDC3-E370-4C16-A6B8-29E59C93128C}"
EndProject
Project("{FAE04EC0-301F-11D3-BF4B-00C04F79EFBC}") = "ShipmentAPI", "services\ShipmentAPI\ShipmentAPI.csproj", "{C16B6B30-15A5-4E59-BE20-EACC556D34DB}"
EndProject
Project("{2150E333-8FDC-42A3-9474-1A3956D46DE8}") = "NetCoreEventBus", "NetCoreEventBus", "{9C3D1246-6096-4029-A497-1A4B9E08BD99}"
EndProject
Project("{FAE04EC0-301F-11D3-BF4B-00C04F79EFBC}") = "NetCoreEventBus.Infra.EventBus", "NetCoreEventBus\NetCoreEventBus.Infra.EventBus\NetCoreEventBus.Infra.EventBus.csproj", "{04818264-BD2E-4A83-8FFB-BBB63AFAD939}"
EndProject
Project("{FAE04EC0-301F-11D3-BF4B-00C04F79EFBC}") = "NetCoreEventBus.Infra.EventBus.RabbitMQ", "NetCoreEventBus\NetCoreEventBus.Infra.EventBus.RabbitMQ\NetCoreEventBus.Infra.EventBus.RabbitMQ.csproj", "{00FB186B-542A-4D88-9CF6-D216A8C90732}"
EndProject
Project("{FAE04EC0-301F-11D3-BF4B-00C04F79EFBC}") = "NetCoreEventBus.Infra.EventBus.Subscriptions.InMemory", "NetCoreEventBus\NetCoreEventBus.Infra.EventBus.Subscriptions.InMemory\NetCoreEventBus.Infra.EventBus.Subscriptions.InMemory.csproj", "{CF32AE2D-EABB-4965-BA99-E1D79102D218}"
EndProject
Project("{FAE04EC0-301F-11D3-BF4B-00C04F79EFBC}") = "NetCoreEventBus.Web", "NetCoreEventBus\NetCoreEventBus.Web\NetCoreEventBus.Web.csproj", "{14A937EE-FE8E-40AB-9C3B-76BFA816209B}"
EndProject
Global
	GlobalSection(SolutionConfigurationPlatforms) = preSolution
		Debug|Any CPU = Debug|Any CPU
		Release|Any CPU = Release|Any CPU
	EndGlobalSection
	GlobalSection(ProjectConfigurationPlatforms) = postSolution
		{1F387A9D-23D6-4052-9701-4870669179A7}.Debug|Any CPU.ActiveCfg = Debug|Any CPU
		{1F387A9D-23D6-4052-9701-4870669179A7}.Debug|Any CPU.Build.0 = Debug|Any CPU
		{1F387A9D-23D6-4052-9701-4870669179A7}.Release|Any CPU.ActiveCfg = Release|Any CPU
		{1F387A9D-23D6-4052-9701-4870669179A7}.Release|Any CPU.Build.0 = Release|Any CPU
		{139C06EF-1C40-419E-BDA8-1BBF1E211C48}.Debug|Any CPU.ActiveCfg = Debug|Any CPU
		{139C06EF-1C40-419E-BDA8-1BBF1E211C48}.Debug|Any CPU.Build.0 = Debug|Any CPU
		{139C06EF-1C40-419E-BDA8-1BBF1E211C48}.Release|Any CPU.ActiveCfg = Release|Any CPU
		{139C06EF-1C40-419E-BDA8-1BBF1E211C48}.Release|Any CPU.Build.0 = Release|Any CPU
		{29F6985F-00D5-4DA9-A774-C4345E52D7D6}.Debug|Any CPU.ActiveCfg = Debug|Any CPU
		{29F6985F-00D5-4DA9-A774-C4345E52D7D6}.Debug|Any CPU.Build.0 = Debug|Any CPU
		{29F6985F-00D5-4DA9-A774-C4345E52D7D6}.Release|Any CPU.ActiveCfg = Release|Any CPU
		{29F6985F-00D5-4DA9-A774-C4345E52D7D6}.Release|Any CPU.Build.0 = Release|Any CPU
		{D71FDE5C-2B8A-4E37-87BD-FF0019B037C4}.Debug|Any CPU.ActiveCfg = Debug|Any CPU
		{D71FDE5C-2B8A-4E37-87BD-FF0019B037C4}.Debug|Any CPU.Build.0 = Debug|Any CPU
		{D71FDE5C-2B8A-4E37-87BD-FF0019B037C4}.Release|Any CPU.ActiveCfg = Release|Any CPU
		{D71FDE5C-2B8A-4E37-87BD-FF0019B037C4}.Release|Any CPU.Build.0 = Release|Any CPU
		{94756D61-8C77-49DA-9974-70B841F30079}.Debug|Any CPU.ActiveCfg = Debug|Any CPU
		{94756D61-8C77-49DA-9974-70B841F30079}.Debug|Any CPU.Build.0 = Debug|Any CPU
		{94756D61-8C77-49DA-9974-70B841F30079}.Release|Any CPU.ActiveCfg = Release|Any CPU
		{94756D61-8C77-49DA-9974-70B841F30079}.Release|Any CPU.Build.0 = Release|Any CPU
		{607BE936-A8C5-4506-A8F1-800C2D2199ED}.Debug|Any CPU.ActiveCfg = Debug|Any CPU
		{607BE936-A8C5-4506-A8F1-800C2D2199ED}.Debug|Any CPU.Build.0 = Debug|Any CPU
		{607BE936-A8C5-4506-A8F1-800C2D2199ED}.Release|Any CPU.ActiveCfg = Release|Any CPU
		{607BE936-A8C5-4506-A8F1-800C2D2199ED}.Release|Any CPU.Build.0 = Release|Any CPU
		{D4C7011F-7BDE-4A65-B39F-CFB06FA887B1}.Debug|Any CPU.ActiveCfg = Debug|Any CPU
		{D4C7011F-7BDE-4A65-B39F-CFB06FA887B1}.Debug|Any CPU.Build.0 = Debug|Any CPU
		{D4C7011F-7BDE-4A65-B39F-CFB06FA887B1}.Release|Any CPU.ActiveCfg = Release|Any CPU
		{D4C7011F-7BDE-4A65-B39F-CFB06FA887B1}.Release|Any CPU.Build.0 = Release|Any CPU
		{CD412330-F483-48B7-BFFC-0BDF55FFB301}.Debug|Any CPU.ActiveCfg = Debug|Any CPU
		{CD412330-F483-48B7-BFFC-0BDF55FFB301}.Debug|Any CPU.Build.0 = Debug|Any CPU
		{CD412330-F483-48B7-BFFC-0BDF55FFB301}.Release|Any CPU.ActiveCfg = Release|Any CPU
		{CD412330-F483-48B7-BFFC-0BDF55FFB301}.Release|Any CPU.Build.0 = Release|Any CPU
		{D2A25117-EF40-4E8A-9DE2-95D9A1F2FC1C}.Debug|Any CPU.ActiveCfg = Debug|Any CPU
		{D2A25117-EF40-4E8A-9DE2-95D9A1F2FC1C}.Debug|Any CPU.Build.0 = Debug|Any CPU
		{D2A25117-EF40-4E8A-9DE2-95D9A1F2FC1C}.Release|Any CPU.ActiveCfg = Release|Any CPU
		{D2A25117-EF40-4E8A-9DE2-95D9A1F2FC1C}.Release|Any CPU.Build.0 = Release|Any CPU
		{25F68ABF-2C4A-4A6C-BE3A-A86C8C910715}.Debug|Any CPU.ActiveCfg = Debug|Any CPU
		{25F68ABF-2C4A-4A6C-BE3A-A86C8C910715}.Debug|Any CPU.Build.0 = Debug|Any CPU
		{25F68ABF-2C4A-4A6C-BE3A-A86C8C910715}.Release|Any CPU.ActiveCfg = Release|Any CPU
		{25F68ABF-2C4A-4A6C-BE3A-A86C8C910715}.Release|Any CPU.Build.0 = Release|Any CPU
		{F58A4517-FEA2-4E11-992A-0A019D69AD4E}.Debug|Any CPU.ActiveCfg = Debug|Any CPU
		{F58A4517-FEA2-4E11-992A-0A019D69AD4E}.Debug|Any CPU.Build.0 = Debug|Any CPU
		{F58A4517-FEA2-4E11-992A-0A019D69AD4E}.Release|Any CPU.ActiveCfg = Release|Any CPU
		{F58A4517-FEA2-4E11-992A-0A019D69AD4E}.Release|Any CPU.Build.0 = Release|Any CPU
		{800629CC-0EDA-418A-8F46-C1BADA59BCC2}.Debug|Any CPU.ActiveCfg = Debug|Any CPU
		{800629CC-0EDA-418A-8F46-C1BADA59BCC2}.Debug|Any CPU.Build.0 = Debug|Any CPU
		{800629CC-0EDA-418A-8F46-C1BADA59BCC2}.Release|Any CPU.ActiveCfg = Release|Any CPU
		{800629CC-0EDA-418A-8F46-C1BADA59BCC2}.Release|Any CPU.Build.0 = Release|Any CPU
		{6E34EDC3-E370-4C16-A6B8-29E59C93128C}.Debug|Any CPU.ActiveCfg = Debug|Any CPU
		{6E34EDC3-E370-4C16-A6B8-29E59C93128C}.Debug|Any CPU.Build.0 = Debug|Any CPU
		{6E34EDC3-E370-4C16-A6B8-29E59C93128C}.Release|Any CPU.ActiveCfg = Release|Any CPU
		{6E34EDC3-E370-4C16-A6B8-29E59C93128C}.Release|Any CPU.Build.0 = Release|Any CPU
		{C16B6B30-15A5-4E59-BE20-EACC556D34DB}.Debug|Any CPU.ActiveCfg = Debug|Any CPU
		{C16B6B30-15A5-4E59-BE20-EACC556D34DB}.Debug|Any CPU.Build.0 = Debug|Any CPU
		{C16B6B30-15A5-4E59-BE20-EACC556D34DB}.Release|Any CPU.ActiveCfg = Release|Any CPU
		{C16B6B30-15A5-4E59-BE20-EACC556D34DB}.Release|Any CPU.Build.0 = Release|Any CPU
		{04818264-BD2E-4A83-8FFB-BBB63AFAD939}.Debug|Any CPU.ActiveCfg = Debug|Any CPU
		{04818264-BD2E-4A83-8FFB-BBB63AFAD939}.Debug|Any CPU.Build.0 = Debug|Any CPU
		{04818264-BD2E-4A83-8FFB-BBB63AFAD939}.Release|Any CPU.ActiveCfg = Release|Any CPU
		{04818264-BD2E-4A83-8FFB-BBB63AFAD939}.Release|Any CPU.Build.0 = Release|Any CPU
		{00FB186B-542A-4D88-9CF6-D216A8C90732}.Debug|Any CPU.ActiveCfg = Debug|Any CPU
		{00FB186B-542A-4D88-9CF6-D216A8C90732}.Debug|Any CPU.Build.0 = Debug|Any CPU
		{00FB186B-542A-4D88-9CF6-D216A8C90732}.Release|Any CPU.ActiveCfg = Release|Any CPU
		{00FB186B-542A-4D88-9CF6-D216A8C90732}.Release|Any CPU.Build.0 = Release|Any CPU
		{CF32AE2D-EABB-4965-BA99-E1D79102D218}.Debug|Any CPU.ActiveCfg = Debug|Any CPU
		{CF32AE2D-EABB-4965-BA99-E1D79102D218}.Debug|Any CPU.Build.0 = Debug|Any CPU
		{CF32AE2D-EABB-4965-BA99-E1D79102D218}.Release|Any CPU.ActiveCfg = Release|Any CPU
		{CF32AE2D-EABB-4965-BA99-E1D79102D218}.Release|Any CPU.Build.0 = Release|Any CPU
		{14A937EE-FE8E-40AB-9C3B-76BFA816209B}.Debug|Any CPU.ActiveCfg = Debug|Any CPU
		{14A937EE-FE8E-40AB-9C3B-76BFA816209B}.Debug|Any CPU.Build.0 = Debug|Any CPU
		{14A937EE-FE8E-40AB-9C3B-76BFA816209B}.Release|Any CPU.ActiveCfg = Release|Any CPU
		{14A937EE-FE8E-40AB-9C3B-76BFA816209B}.Release|Any CPU.Build.0 = Release|Any CPU
	EndGlobalSection
	GlobalSection(SolutionProperties) = preSolution
		HideSolutionNode = FALSE
	EndGlobalSection
	GlobalSection(NestedProjects) = preSolution
		{1F387A9D-23D6-4052-9701-4870669179A7} = {766872AD-B2B0-4859-8B29-A9ADD8FA8491}
		{139C06EF-1C40-419E-BDA8-1BBF1E211C48} = {766872AD-B2B0-4859-8B29-A9ADD8FA8491}
		{29F6985F-00D5-4DA9-A774-C4345E52D7D6} = {766872AD-B2B0-4859-8B29-A9ADD8FA8491}
		{D71FDE5C-2B8A-4E37-87BD-FF0019B037C4} = {766872AD-B2B0-4859-8B29-A9ADD8FA8491}
		{94756D61-8C77-49DA-9974-70B841F30079} = {4623D2AC-DCA2-43F9-801E-D3F0479B2628}
		{607BE936-A8C5-4506-A8F1-800C2D2199ED} = {4623D2AC-DCA2-43F9-801E-D3F0479B2628}
		{D4C7011F-7BDE-4A65-B39F-CFB06FA887B1} = {4623D2AC-DCA2-43F9-801E-D3F0479B2628}
		{CD412330-F483-48B7-BFFC-0BDF55FFB301} = {4623D2AC-DCA2-43F9-801E-D3F0479B2628}
		{D2A25117-EF40-4E8A-9DE2-95D9A1F2FC1C} = {4623D2AC-DCA2-43F9-801E-D3F0479B2628}
		{25F68ABF-2C4A-4A6C-BE3A-A86C8C910715} = {72EA5373-07DA-4764-AD5F-73D83A4788AB}
		{F58A4517-FEA2-4E11-992A-0A019D69AD4E} = {72EA5373-07DA-4764-AD5F-73D83A4788AB}
		{800629CC-0EDA-418A-8F46-C1BADA59BCC2} = {72EA5373-07DA-4764-AD5F-73D83A4788AB}
		{6E34EDC3-E370-4C16-A6B8-29E59C93128C} = {72EA5373-07DA-4764-AD5F-73D83A4788AB}
		{C16B6B30-15A5-4E59-BE20-EACC556D34DB} = {72EA5373-07DA-4764-AD5F-73D83A4788AB}
		{04818264-BD2E-4A83-8FFB-BBB63AFAD939} = {9C3D1246-6096-4029-A497-1A4B9E08BD99}
		{00FB186B-542A-4D88-9CF6-D216A8C90732} = {9C3D1246-6096-4029-A497-1A4B9E08BD99}
		{CF32AE2D-EABB-4965-BA99-E1D79102D218} = {9C3D1246-6096-4029-A497-1A4B9E08BD99}
		{14A937EE-FE8E-40AB-9C3B-76BFA816209B} = {9C3D1246-6096-4029-A497-1A4B9E08BD99}
	EndGlobalSection
	GlobalSection(ExtensibilityGlobals) = postSolution
		SolutionGuid = {C703DC80-0D51-435C-A25A-ED489A0A20CF}
	EndGlobalSection
EndGlobal
