
Microsoft Visual Studio Solution File, Format Version 12.00
# Visual Studio 15
VisualStudioVersion = 15.0.28010.2041
MinimumVisualStudioVersion = 10.0.40219.1
Project("{2150E333-8FDC-42A3-9474-1A3956D46DE8}") = "Services", "Services", "{72EA5373-07DA-4764-AD5F-73D83A4788AB}"
EndProject
Project("{FAE04EC0-301F-11D3-BF4B-00C04F79EFBC}") = "SampleProducer", "SampleProducer\SampleProducer.csproj", "{5B8ACEAA-53C6-4AA9-9A10-C9A9F18ABC1B}"
EndProject
Project("{FAE04EC0-301F-11D3-BF4B-00C04F79EFBC}") = "LogConsumer", "LogConsumer\LogConsumer.csproj", "{12C37FC3-3D7B-4218-8F2D-48972004BE0E}"
EndProject
Project("{FAE04EC0-301F-11D3-BF4B-00C04F79EFBC}") = "OrderAPI", "OrderAPI\OrderAPI.csproj", "{77FBAAB1-9BD5-4624-986D-65CB27F7A4EC}"
EndProject
Project("{FAE04EC0-301F-11D3-BF4B-00C04F79EFBC}") = "ShipmentAPI", "ShipmentAPI\ShipmentAPI.csproj", "{EF034E30-1BE7-4A56-A32E-1ECDEA4BC6AF}"
EndProject
Project("{FAE04EC0-301F-11D3-BF4B-00C04F79EFBC}") = "Hosting", "Hosting\Hosting.csproj", "{3D55B979-9679-4251-AB1D-3086D72854B3}"
EndProject
Project("{2150E333-8FDC-42A3-9474-1A3956D46DE8}") = "Shared", "Shared", "{E6C8D579-0F98-4616-85D5-8C6EFDC7AFAF}"
EndProject
Project("{2150E333-8FDC-42A3-9474-1A3956D46DE8}") = "APIGeneralTest", "APIGeneralTest", "{766872AD-B2B0-4859-8B29-A9ADD8FA8491}"
EndProject
Project("{FAE04EC0-301F-11D3-BF4B-00C04F79EFBC}") = "GeneralTestApi", "general\GeneralTestApi\GeneralTestApi.csproj", "{1F387A9D-23D6-4052-9701-4870669179A7}"
EndProject
Project("{FAE04EC0-301F-11D3-BF4B-00C04F79EFBC}") = "Simple", "general\Simple\Simple.csproj", "{139C06EF-1C40-419E-BDA8-1BBF1E211C48}"
EndProject
Project("{FAE04EC0-301F-11D3-BF4B-00C04F79EFBC}") = "ErrorHandlerService", "general\ErrorHandlerService\ErrorHandlerService.csproj", "{29F6985F-00D5-4DA9-A774-C4345E52D7D6}"
EndProject
Project("{FAE04EC0-301F-11D3-BF4B-00C04F79EFBC}") = "GeneralLibrary", "general\GeneralLibrary\GeneralLibrary.csproj", "{D71FDE5C-2B8A-4E37-87BD-FF0019B037C4}"
EndProject
Project("{2150E333-8FDC-42A3-9474-1A3956D46DE8}") = "Multithread", "Multithread", "{4623D2AC-DCA2-43F9-801E-D3F0479B2628}"
EndProject
Project("{FAE04EC0-301F-11D3-BF4B-00C04F79EFBC}") = "Multithread.Api", "multithread\Multithread.Api\Multithread.Api.csproj", "{94756D61-8C77-49DA-9974-70B841F30079}"
EndProject
Project("{FAE04EC0-301F-11D3-BF4B-00C04F79EFBC}") = "Multithread.Api.EntityFrameworkCore", "multithread\Multithread.Api.EntityFrameworkCore\Multithread.Api.EntityFrameworkCore.csproj", "{607BE936-A8C5-4506-A8F1-800C2D2199ED}"
EndProject
Project("{FAE04EC0-301F-11D3-BF4B-00C04F79EFBC}") = "Multithread.Api.MongoDb", "multithread\Multithread.Api.MongoDb\Multithread.Api.MongoDb.csproj", "{D4C7011F-7BDE-4A65-B39F-CFB06FA887B1}"
EndProject
Project("{FAE04EC0-301F-11D3-BF4B-00C04F79EFBC}") = "Multithread.Api.Domain", "multithread\Multithread.Api.Domain\Multithread.Api.Domain.csproj", "{CD412330-F483-48B7-BFFC-0BDF55FFB301}"
EndProject
Global
	GlobalSection(SolutionConfigurationPlatforms) = preSolution
		Debug|Any CPU = Debug|Any CPU
		Release|Any CPU = Release|Any CPU
	EndGlobalSection
	GlobalSection(ProjectConfigurationPlatforms) = postSolution
		{5B8ACEAA-53C6-4AA9-9A10-C9A9F18ABC1B}.Debug|Any CPU.ActiveCfg = Debug|Any CPU
		{5B8ACEAA-53C6-4AA9-9A10-C9A9F18ABC1B}.Debug|Any CPU.Build.0 = Debug|Any CPU
		{5B8ACEAA-53C6-4AA9-9A10-C9A9F18ABC1B}.Release|Any CPU.ActiveCfg = Release|Any CPU
		{5B8ACEAA-53C6-4AA9-9A10-C9A9F18ABC1B}.Release|Any CPU.Build.0 = Release|Any CPU
		{12C37FC3-3D7B-4218-8F2D-48972004BE0E}.Debug|Any CPU.ActiveCfg = Debug|Any CPU
		{12C37FC3-3D7B-4218-8F2D-48972004BE0E}.Debug|Any CPU.Build.0 = Debug|Any CPU
		{12C37FC3-3D7B-4218-8F2D-48972004BE0E}.Release|Any CPU.ActiveCfg = Release|Any CPU
		{12C37FC3-3D7B-4218-8F2D-48972004BE0E}.Release|Any CPU.Build.0 = Release|Any CPU
		{77FBAAB1-9BD5-4624-986D-65CB27F7A4EC}.Debug|Any CPU.ActiveCfg = Debug|Any CPU
		{77FBAAB1-9BD5-4624-986D-65CB27F7A4EC}.Debug|Any CPU.Build.0 = Debug|Any CPU
		{77FBAAB1-9BD5-4624-986D-65CB27F7A4EC}.Release|Any CPU.ActiveCfg = Release|Any CPU
		{77FBAAB1-9BD5-4624-986D-65CB27F7A4EC}.Release|Any CPU.Build.0 = Release|Any CPU
		{EF034E30-1BE7-4A56-A32E-1ECDEA4BC6AF}.Debug|Any CPU.ActiveCfg = Debug|Any CPU
		{EF034E30-1BE7-4A56-A32E-1ECDEA4BC6AF}.Debug|Any CPU.Build.0 = Debug|Any CPU
		{EF034E30-1BE7-4A56-A32E-1ECDEA4BC6AF}.Release|Any CPU.ActiveCfg = Release|Any CPU
		{EF034E30-1BE7-4A56-A32E-1ECDEA4BC6AF}.Release|Any CPU.Build.0 = Release|Any CPU
		{3D55B979-9679-4251-AB1D-3086D72854B3}.Debug|Any CPU.ActiveCfg = Debug|Any CPU
		{3D55B979-9679-4251-AB1D-3086D72854B3}.Debug|Any CPU.Build.0 = Debug|Any CPU
		{3D55B979-9679-4251-AB1D-3086D72854B3}.Release|Any CPU.ActiveCfg = Release|Any CPU
		{3D55B979-9679-4251-AB1D-3086D72854B3}.Release|Any CPU.Build.0 = Release|Any CPU
		{1F387A9D-23D6-4052-9701-4870669179A7}.Debug|Any CPU.ActiveCfg = Debug|Any CPU
		{1F387A9D-23D6-4052-9701-4870669179A7}.Debug|Any CPU.Build.0 = Debug|Any CPU
		{1F387A9D-23D6-4052-9701-4870669179A7}.Release|Any CPU.ActiveCfg = Release|Any CPU
		{1F387A9D-23D6-4052-9701-4870669179A7}.Release|Any CPU.Build.0 = Release|Any CPU
		{139C06EF-1C40-419E-BDA8-1BBF1E211C48}.Debug|Any CPU.ActiveCfg = Debug|Any CPU
		{139C06EF-1C40-419E-BDA8-1BBF1E211C48}.Debug|Any CPU.Build.0 = Debug|Any CPU
		{139C06EF-1C40-419E-BDA8-1BBF1E211C48}.Release|Any CPU.ActiveCfg = Release|Any CPU
		{139C06EF-1C40-419E-BDA8-1BBF1E211C48}.Release|Any CPU.Build.0 = Release|Any CPU
		{29F6985F-00D5-4DA9-A774-C4345E52D7D6}.Debug|Any CPU.ActiveCfg = Debug|Any CPU
		{29F6985F-00D5-4DA9-A774-C4345E52D7D6}.Debug|Any CPU.Build.0 = Debug|Any CPU
		{29F6985F-00D5-4DA9-A774-C4345E52D7D6}.Release|Any CPU.ActiveCfg = Release|Any CPU
		{29F6985F-00D5-4DA9-A774-C4345E52D7D6}.Release|Any CPU.Build.0 = Release|Any CPU
		{D71FDE5C-2B8A-4E37-87BD-FF0019B037C4}.Debug|Any CPU.ActiveCfg = Debug|Any CPU
		{D71FDE5C-2B8A-4E37-87BD-FF0019B037C4}.Debug|Any CPU.Build.0 = Debug|Any CPU
		{D71FDE5C-2B8A-4E37-87BD-FF0019B037C4}.Release|Any CPU.ActiveCfg = Release|Any CPU
		{D71FDE5C-2B8A-4E37-87BD-FF0019B037C4}.Release|Any CPU.Build.0 = Release|Any CPU
		{94756D61-8C77-49DA-9974-70B841F30079}.Debug|Any CPU.ActiveCfg = Debug|Any CPU
		{94756D61-8C77-49DA-9974-70B841F30079}.Debug|Any CPU.Build.0 = Debug|Any CPU
		{94756D61-8C77-49DA-9974-70B841F30079}.Release|Any CPU.ActiveCfg = Release|Any CPU
		{94756D61-8C77-49DA-9974-70B841F30079}.Release|Any CPU.Build.0 = Release|Any CPU
		{607BE936-A8C5-4506-A8F1-800C2D2199ED}.Debug|Any CPU.ActiveCfg = Debug|Any CPU
		{607BE936-A8C5-4506-A8F1-800C2D2199ED}.Debug|Any CPU.Build.0 = Debug|Any CPU
		{607BE936-A8C5-4506-A8F1-800C2D2199ED}.Release|Any CPU.ActiveCfg = Release|Any CPU
		{607BE936-A8C5-4506-A8F1-800C2D2199ED}.Release|Any CPU.Build.0 = Release|Any CPU
		{D4C7011F-7BDE-4A65-B39F-CFB06FA887B1}.Debug|Any CPU.ActiveCfg = Debug|Any CPU
		{D4C7011F-7BDE-4A65-B39F-CFB06FA887B1}.Debug|Any CPU.Build.0 = Debug|Any CPU
		{D4C7011F-7BDE-4A65-B39F-CFB06FA887B1}.Release|Any CPU.ActiveCfg = Release|Any CPU
		{D4C7011F-7BDE-4A65-B39F-CFB06FA887B1}.Release|Any CPU.Build.0 = Release|Any CPU
		{CD412330-F483-48B7-BFFC-0BDF55FFB301}.Debug|Any CPU.ActiveCfg = Debug|Any CPU
		{CD412330-F483-48B7-BFFC-0BDF55FFB301}.Debug|Any CPU.Build.0 = Debug|Any CPU
		{CD412330-F483-48B7-BFFC-0BDF55FFB301}.Release|Any CPU.ActiveCfg = Release|Any CPU
		{CD412330-F483-48B7-BFFC-0BDF55FFB301}.Release|Any CPU.Build.0 = Release|Any CPU
	EndGlobalSection
	GlobalSection(SolutionProperties) = preSolution
		HideSolutionNode = FALSE
	EndGlobalSection
	GlobalSection(NestedProjects) = preSolution
		{5B8ACEAA-53C6-4AA9-9A10-C9A9F18ABC1B} = {72EA5373-07DA-4764-AD5F-73D83A4788AB}
		{12C37FC3-3D7B-4218-8F2D-48972004BE0E} = {72EA5373-07DA-4764-AD5F-73D83A4788AB}
		{77FBAAB1-9BD5-4624-986D-65CB27F7A4EC} = {72EA5373-07DA-4764-AD5F-73D83A4788AB}
		{EF034E30-1BE7-4A56-A32E-1ECDEA4BC6AF} = {72EA5373-07DA-4764-AD5F-73D83A4788AB}
		{E6C8D579-0F98-4616-85D5-8C6EFDC7AFAF} = {72EA5373-07DA-4764-AD5F-73D83A4788AB}
		{3D55B979-9679-4251-AB1D-3086D72854B3} = {E6C8D579-0F98-4616-85D5-8C6EFDC7AFAF}
		{1F387A9D-23D6-4052-9701-4870669179A7} = {766872AD-B2B0-4859-8B29-A9ADD8FA8491}
		{139C06EF-1C40-419E-BDA8-1BBF1E211C48} = {766872AD-B2B0-4859-8B29-A9ADD8FA8491}
		{29F6985F-00D5-4DA9-A774-C4345E52D7D6} = {766872AD-B2B0-4859-8B29-A9ADD8FA8491}
		{D71FDE5C-2B8A-4E37-87BD-FF0019B037C4} = {766872AD-B2B0-4859-8B29-A9ADD8FA8491}
		{94756D61-8C77-49DA-9974-70B841F30079} = {4623D2AC-DCA2-43F9-801E-D3F0479B2628}
		{607BE936-A8C5-4506-A8F1-800C2D2199ED} = {4623D2AC-DCA2-43F9-801E-D3F0479B2628}
		{D4C7011F-7BDE-4A65-B39F-CFB06FA887B1} = {4623D2AC-DCA2-43F9-801E-D3F0479B2628}
		{CD412330-F483-48B7-BFFC-0BDF55FFB301} = {4623D2AC-DCA2-43F9-801E-D3F0479B2628}
	EndGlobalSection
	GlobalSection(ExtensibilityGlobals) = postSolution
		SolutionGuid = {C703DC80-0D51-435C-A25A-ED489A0A20CF}
	EndGlobalSection
EndGlobal
